
Microsoft Visual Studio Solution File, Format Version 12.00
# Visual Studio Version 17
VisualStudioVersion = 17.5.33530.505
MinimumVisualStudioVersion = 10.0.40219.1
Project("{8BC9CEB8-8B4A-11D0-8D11-00A0C91BC942}") = "c++_practice_ver2", "c++_practice_ver2.vcxproj", "{000E0124-B720-4490-AACF-0AC138C29621}"
EndProject
Global
	GlobalSection(SolutionConfigurationPlatforms) = preSolution
		Debug|x64 = Debug|x64
		Debug|x86 = Debug|x86
		Release|x64 = Release|x64
		Release|x86 = Release|x86
	EndGlobalSection
	GlobalSection(ProjectConfigurationPlatforms) = postSolution
		{000E0124-B720-4490-AACF-0AC138C29621}.Debug|x64.ActiveCfg = Debug|x64
		{000E0124-B720-4490-AACF-0AC138C29621}.Debug|x64.Build.0 = Debug|x64
		{000E0124-B720-4490-AACF-0AC138C29621}.Debug|x86.ActiveCfg = Debug|Win32
		{000E0124-B720-4490-AACF-0AC138C29621}.Debug|x86.Build.0 = Debug|Win32
		{000E0124-B720-4490-AACF-0AC138C29621}.Release|x64.ActiveCfg = Release|x64
		{000E0124-B720-4490-AACF-0AC138C29621}.Release|x64.Build.0 = Release|x64
		{000E0124-B720-4490-AACF-0AC138C29621}.Release|x86.ActiveCfg = Release|Win32
		{000E0124-B720-4490-AACF-0AC138C29621}.Release|x86.Build.0 = Release|Win32
	EndGlobalSection
	GlobalSection(SolutionProperties) = preSolution
		HideSolutionNode = FALSE
	EndGlobalSection
	GlobalSection(ExtensibilityGlobals) = postSolution
		SolutionGuid = {74EB22ED-2189-4F54-858C-FBC927F60EC1}
	EndGlobalSection
EndGlobal
